// !$*UTF8*$!
{
	archiveVersion = 1;
	classes = {
	};
	objectVersion = 56;
	objects = {

/* Begin PBXBuildFile section */
		06D3B0E82C70C6D60001B838 /* GameCloneAppApp.swift in Sources */ = {isa = PBXBuildFile; fileRef = 06D3B0E72C70C6D60001B838 /* GameCloneAppApp.swift */; };
		06D3B0EA2C70C6D60001B838 /* ContentView.swift in Sources */ = {isa = PBXBuildFile; fileRef = 06D3B0E92C70C6D60001B838 /* ContentView.swift */; };
		06D3B0EC2C70C6D70001B838 /* Assets.xcassets in Resources */ = {isa = PBXBuildFile; fileRef = 06D3B0EB2C70C6D70001B838 /* Assets.xcassets */; };
		06D3B0EF2C70C6D70001B838 /* Preview Assets.xcassets in Resources */ = {isa = PBXBuildFile; fileRef = 06D3B0EE2C70C6D70001B838 /* Preview Assets.xcassets */; };
		06D3B0F52C70C94D0001B838 /* PuzzleKit in Frameworks */ = {isa = PBXBuildFile; productRef = 06D3B0F42C70C94D0001B838 /* PuzzleKit */; };
/* End PBXBuildFile section */

/* Begin PBXCopyFilesBuildPhase section */
		0696772D2C70C4030014BC3C /* CopyFiles */ = {
			isa = PBXCopyFilesBuildPhase;
			buildActionMask = 2147483647;
			dstPath = "include/$(PRODUCT_NAME)";
			dstSubfolderSpec = 16;
			files = (
			);
			runOnlyForDeploymentPostprocessing = 0;
		};
/* End PBXCopyFilesBuildPhase section */

/* Begin PBXFileReference section */
		0696772F2C70C4030014BC3C /* libGameCloneKit.a */ = {isa = PBXFileReference; explicitFileType = archive.ar; includeInIndex = 0; path = libGameCloneKit.a; sourceTree = BUILT_PRODUCTS_DIR; };
		06D3B0E02C70C4850001B838 /* PuzzleKit */ = {isa = PBXFileReference; lastKnownFileType = wrapper; path = PuzzleKit; sourceTree = "<group>"; };
		06D3B0E52C70C6D60001B838 /* GameCloneApp.app */ = {isa = PBXFileReference; explicitFileType = wrapper.application; includeInIndex = 0; path = GameCloneApp.app; sourceTree = BUILT_PRODUCTS_DIR; };
		06D3B0E72C70C6D60001B838 /* GameCloneAppApp.swift */ = {isa = PBXFileReference; lastKnownFileType = sourcecode.swift; path = GameCloneAppApp.swift; sourceTree = "<group>"; };
		06D3B0E92C70C6D60001B838 /* ContentView.swift */ = {isa = PBXFileReference; lastKnownFileType = sourcecode.swift; path = ContentView.swift; sourceTree = "<group>"; };
		06D3B0EB2C70C6D70001B838 /* Assets.xcassets */ = {isa = PBXFileReference; lastKnownFileType = folder.assetcatalog; path = Assets.xcassets; sourceTree = "<group>"; };
		06D3B0EE2C70C6D70001B838 /* Preview Assets.xcassets */ = {isa = PBXFileReference; lastKnownFileType = folder.assetcatalog; path = "Preview Assets.xcassets"; sourceTree = "<group>"; };
/* End PBXFileReference section */

/* Begin PBXFrameworksBuildPhase section */
		0696772C2C70C4030014BC3C /* Frameworks */ = {
			isa = PBXFrameworksBuildPhase;
			buildActionMask = 2147483647;
			files = (
			);
			runOnlyForDeploymentPostprocessing = 0;
		};
		06D3B0E22C70C6D60001B838 /* Frameworks */ = {
			isa = PBXFrameworksBuildPhase;
			buildActionMask = 2147483647;
			files = (
				06D3B0F52C70C94D0001B838 /* PuzzleKit in Frameworks */,
			);
			runOnlyForDeploymentPostprocessing = 0;
		};
/* End PBXFrameworksBuildPhase section */

/* Begin PBXGroup section */
		069677262C70C4030014BC3C = {
			isa = PBXGroup;
			children = (
				06D3B0E02C70C4850001B838 /* PuzzleKit */,
				06D3B0E62C70C6D60001B838 /* GameCloneApp */,
				069677302C70C4030014BC3C /* Products */,
				06D3B0F32C70C94D0001B838 /* Frameworks */,
			);
			sourceTree = "<group>";
		};
		069677302C70C4030014BC3C /* Products */ = {
			isa = PBXGroup;
			children = (
				0696772F2C70C4030014BC3C /* libGameCloneKit.a */,
				06D3B0E52C70C6D60001B838 /* GameCloneApp.app */,
			);
			name = Products;
			sourceTree = "<group>";
		};
		06D3B0E62C70C6D60001B838 /* GameCloneApp */ = {
			isa = PBXGroup;
			children = (
				06D3B0E72C70C6D60001B838 /* GameCloneAppApp.swift */,
				06D3B0E92C70C6D60001B838 /* ContentView.swift */,
				06D3B0EB2C70C6D70001B838 /* Assets.xcassets */,
				06D3B0ED2C70C6D70001B838 /* Preview Content */,
			);
			path = GameCloneApp;
			sourceTree = "<group>";
		};
		06D3B0ED2C70C6D70001B838 /* Preview Content */ = {
			isa = PBXGroup;
			children = (
				06D3B0EE2C70C6D70001B838 /* Preview Assets.xcassets */,
			);
			path = "Preview Content";
			sourceTree = "<group>";
		};
		06D3B0F32C70C94D0001B838 /* Frameworks */ = {
			isa = PBXGroup;
			children = (
			);
			name = Frameworks;
			sourceTree = "<group>";
		};
/* End PBXGroup section */

/* Begin PBXNativeTarget section */
		0696772E2C70C4030014BC3C /* GameCloneKit */ = {
			isa = PBXNativeTarget;
			buildConfigurationList = 069677362C70C4030014BC3C /* Build configuration list for PBXNativeTarget "GameCloneKit" */;
			buildPhases = (
				0696772B2C70C4030014BC3C /* Sources */,
				0696772C2C70C4030014BC3C /* Frameworks */,
				0696772D2C70C4030014BC3C /* CopyFiles */,
			);
			buildRules = (
			);
			dependencies = (
			);
			name = GameCloneKit;
			productName = GameCloneKit;
			productReference = 0696772F2C70C4030014BC3C /* libGameCloneKit.a */;
			productType = "com.apple.product-type.library.static";
		};
		06D3B0E42C70C6D60001B838 /* GameCloneApp */ = {
			isa = PBXNativeTarget;
			buildConfigurationList = 06D3B0F02C70C6D70001B838 /* Build configuration list for PBXNativeTarget "GameCloneApp" */;
			buildPhases = (
				06D3B0E12C70C6D60001B838 /* Sources */,
				06D3B0E22C70C6D60001B838 /* Frameworks */,
				06D3B0E32C70C6D60001B838 /* Resources */,
			);
			buildRules = (
			);
			dependencies = (
			);
			name = GameCloneApp;
			packageProductDependencies = (
				06D3B0F42C70C94D0001B838 /* PuzzleKit */,
			);
			productName = GameCloneApp;
			productReference = 06D3B0E52C70C6D60001B838 /* GameCloneApp.app */;
			productType = "com.apple.product-type.application";
		};
/* End PBXNativeTarget section */

/* Begin PBXProject section */
		069677272C70C4030014BC3C /* Project object */ = {
			isa = PBXProject;
			attributes = {
				BuildIndependentTargetsInParallel = 1;
				LastSwiftUpdateCheck = 1540;
				LastUpgradeCheck = 1540;
				TargetAttributes = {
					0696772E2C70C4030014BC3C = {
						CreatedOnToolsVersion = 15.4;
					};
					06D3B0E42C70C6D60001B838 = {
						CreatedOnToolsVersion = 15.4;
					};
				};
			};
			buildConfigurationList = 0696772A2C70C4030014BC3C /* Build configuration list for PBXProject "GameCloneKit" */;
			compatibilityVersion = "Xcode 14.0";
			developmentRegion = en;
			hasScannedForEncodings = 0;
			knownRegions = (
				en,
				Base,
			);
			mainGroup = 069677262C70C4030014BC3C;
			productRefGroup = 069677302C70C4030014BC3C /* Products */;
			projectDirPath = "";
			projectRoot = "";
			targets = (
				06D3B0E42C70C6D60001B838 /* GameCloneApp */,
				0696772E2C70C4030014BC3C /* GameCloneKit */,
			);
		};
/* End PBXProject section */

/* Begin PBXResourcesBuildPhase section */
		06D3B0E32C70C6D60001B838 /* Resources */ = {
			isa = PBXResourcesBuildPhase;
			buildActionMask = 2147483647;
			files = (
				06D3B0EF2C70C6D70001B838 /* Preview Assets.xcassets in Resources */,
				06D3B0EC2C70C6D70001B838 /* Assets.xcassets in Resources */,
			);
			runOnlyForDeploymentPostprocessing = 0;
		};
/* End PBXResourcesBuildPhase section */

/* Begin PBXSourcesBuildPhase section */
		0696772B2C70C4030014BC3C /* Sources */ = {
			isa = PBXSourcesBuildPhase;
			buildActionMask = 2147483647;
			files = (
			);
			runOnlyForDeploymentPostprocessing = 0;
		};
		06D3B0E12C70C6D60001B838 /* Sources */ = {
			isa = PBXSourcesBuildPhase;
			buildActionMask = 2147483647;
			files = (
				06D3B0EA2C70C6D60001B838 /* ContentView.swift in Sources */,
				06D3B0E82C70C6D60001B838 /* GameCloneAppApp.swift in Sources */,
			);
			runOnlyForDeploymentPostprocessing = 0;
		};
/* End PBXSourcesBuildPhase section */

/* Begin XCBuildConfiguration section */
		069677342C70C4030014BC3C /* Debug */ = {
			isa = XCBuildConfiguration;
			buildSettings = {
				ALWAYS_SEARCH_USER_PATHS = NO;
				ASSETCATALOG_COMPILER_GENERATE_SWIFT_ASSET_SYMBOL_EXTENSIONS = YES;
				CLANG_ANALYZER_NONNULL = YES;
				CLANG_ANALYZER_NUMBER_OBJECT_CONVERSION = YES_AGGRESSIVE;
				CLANG_CXX_LANGUAGE_STANDARD = "gnu++20";
				CLANG_ENABLE_MODULES = YES;
				CLANG_ENABLE_OBJC_ARC = YES;
				CLANG_ENABLE_OBJC_WEAK = YES;
				CLANG_WARN_BLOCK_CAPTURE_AUTORELEASING = YES;
				CLANG_WARN_BOOL_CONVERSION = YES;
				CLANG_WARN_COMMA = YES;
				CLANG_WARN_CONSTANT_CONVERSION = YES;
				CLANG_WARN_DEPRECATED_OBJC_IMPLEMENTATIONS = YES;
				CLANG_WARN_DIRECT_OBJC_ISA_USAGE = YES_ERROR;
				CLANG_WARN_DOCUMENTATION_COMMENTS = YES;
				CLANG_WARN_EMPTY_BODY = YES;
				CLANG_WARN_ENUM_CONVERSION = YES;
				CLANG_WARN_INFINITE_RECURSION = YES;
				CLANG_WARN_INT_CONVERSION = YES;
				CLANG_WARN_NON_LITERAL_NULL_CONVERSION = YES;
				CLANG_WARN_OBJC_IMPLICIT_RETAIN_SELF = YES;
				CLANG_WARN_OBJC_LITERAL_CONVERSION = YES;
				CLANG_WARN_OBJC_ROOT_CLASS = YES_ERROR;
				CLANG_WARN_QUOTED_INCLUDE_IN_FRAMEWORK_HEADER = YES;
				CLANG_WARN_RANGE_LOOP_ANALYSIS = YES;
				CLANG_WARN_STRICT_PROTOTYPES = YES;
				CLANG_WARN_SUSPICIOUS_MOVE = YES;
				CLANG_WARN_UNGUARDED_AVAILABILITY = YES_AGGRESSIVE;
				CLANG_WARN_UNREACHABLE_CODE = YES;
				CLANG_WARN__DUPLICATE_METHOD_MATCH = YES;
				COPY_PHASE_STRIP = NO;
				DEBUG_INFORMATION_FORMAT = dwarf;
				ENABLE_STRICT_OBJC_MSGSEND = YES;
				ENABLE_TESTABILITY = YES;
				ENABLE_USER_SCRIPT_SANDBOXING = YES;
				GCC_C_LANGUAGE_STANDARD = gnu17;
				GCC_DYNAMIC_NO_PIC = NO;
				GCC_NO_COMMON_BLOCKS = YES;
				GCC_OPTIMIZATION_LEVEL = 0;
				GCC_PREPROCESSOR_DEFINITIONS = (
					"DEBUG=1",
					"$(inherited)",
				);
				GCC_WARN_64_TO_32_BIT_CONVERSION = YES;
				GCC_WARN_ABOUT_RETURN_TYPE = YES_ERROR;
				GCC_WARN_UNDECLARED_SELECTOR = YES;
				GCC_WARN_UNINITIALIZED_AUTOS = YES_AGGRESSIVE;
				GCC_WARN_UNUSED_FUNCTION = YES;
				GCC_WARN_UNUSED_VARIABLE = YES;
				IPHONEOS_DEPLOYMENT_TARGET = 17.5;
				LOCALIZATION_PREFERS_STRING_CATALOGS = YES;
				MTL_ENABLE_DEBUG_INFO = INCLUDE_SOURCE;
				MTL_FAST_MATH = YES;
				ONLY_ACTIVE_ARCH = YES;
				SDKROOT = iphoneos;
				SWIFT_ACTIVE_COMPILATION_CONDITIONS = "DEBUG $(inherited)";
				SWIFT_OPTIMIZATION_LEVEL = "-Onone";
			};
			name = Debug;
		};
		069677352C70C4030014BC3C /* Release */ = {
			isa = XCBuildConfiguration;
			buildSettings = {
				ALWAYS_SEARCH_USER_PATHS = NO;
				ASSETCATALOG_COMPILER_GENERATE_SWIFT_ASSET_SYMBOL_EXTENSIONS = YES;
				CLANG_ANALYZER_NONNULL = YES;
				CLANG_ANALYZER_NUMBER_OBJECT_CONVERSION = YES_AGGRESSIVE;
				CLANG_CXX_LANGUAGE_STANDARD = "gnu++20";
				CLANG_ENABLE_MODULES = YES;
				CLANG_ENABLE_OBJC_ARC = YES;
				CLANG_ENABLE_OBJC_WEAK = YES;
				CLANG_WARN_BLOCK_CAPTURE_AUTORELEASING = YES;
				CLANG_WARN_BOOL_CONVERSION = YES;
				CLANG_WARN_COMMA = YES;
				CLANG_WARN_CONSTANT_CONVERSION = YES;
				CLANG_WARN_DEPRECATED_OBJC_IMPLEMENTATIONS = YES;
				CLANG_WARN_DIRECT_OBJC_ISA_USAGE = YES_ERROR;
				CLANG_WARN_DOCUMENTATION_COMMENTS = YES;
				CLANG_WARN_EMPTY_BODY = YES;
				CLANG_WARN_ENUM_CONVERSION = YES;
				CLANG_WARN_INFINITE_RECURSION = YES;
				CLANG_WARN_INT_CONVERSION = YES;
				CLANG_WARN_NON_LITERAL_NULL_CONVERSION = YES;
				CLANG_WARN_OBJC_IMPLICIT_RETAIN_SELF = YES;
				CLANG_WARN_OBJC_LITERAL_CONVERSION = YES;
				CLANG_WARN_OBJC_ROOT_CLASS = YES_ERROR;
				CLANG_WARN_QUOTED_INCLUDE_IN_FRAMEWORK_HEADER = YES;
				CLANG_WARN_RANGE_LOOP_ANALYSIS = YES;
				CLANG_WARN_STRICT_PROTOTYPES = YES;
				CLANG_WARN_SUSPICIOUS_MOVE = YES;
				CLANG_WARN_UNGUARDED_AVAILABILITY = YES_AGGRESSIVE;
				CLANG_WARN_UNREACHABLE_CODE = YES;
				CLANG_WARN__DUPLICATE_METHOD_MATCH = YES;
				COPY_PHASE_STRIP = NO;
				DEBUG_INFORMATION_FORMAT = "dwarf-with-dsym";
				ENABLE_NS_ASSERTIONS = NO;
				ENABLE_STRICT_OBJC_MSGSEND = YES;
				ENABLE_USER_SCRIPT_SANDBOXING = YES;
				GCC_C_LANGUAGE_STANDARD = gnu17;
				GCC_NO_COMMON_BLOCKS = YES;
				GCC_WARN_64_TO_32_BIT_CONVERSION = YES;
				GCC_WARN_ABOUT_RETURN_TYPE = YES_ERROR;
				GCC_WARN_UNDECLARED_SELECTOR = YES;
				GCC_WARN_UNINITIALIZED_AUTOS = YES_AGGRESSIVE;
				GCC_WARN_UNUSED_FUNCTION = YES;
				GCC_WARN_UNUSED_VARIABLE = YES;
				IPHONEOS_DEPLOYMENT_TARGET = 17.5;
				LOCALIZATION_PREFERS_STRING_CATALOGS = YES;
				MTL_ENABLE_DEBUG_INFO = NO;
				MTL_FAST_MATH = YES;
				SDKROOT = iphoneos;
				SWIFT_COMPILATION_MODE = wholemodule;
				VALIDATE_PRODUCT = YES;
			};
			name = Release;
		};
		069677372C70C4030014BC3C /* Debug */ = {
			isa = XCBuildConfiguration;
			buildSettings = {
				CODE_SIGN_STYLE = Automatic;
				DEVELOPMENT_TEAM = ZX72355299;
				OTHER_LDFLAGS = "-ObjC";
				PRODUCT_NAME = "$(TARGET_NAME)";
				SKIP_INSTALL = YES;
				SWIFT_VERSION = 5.0;
				TARGETED_DEVICE_FAMILY = "1,2";
			};
			name = Debug;
		};
		069677382C70C4030014BC3C /* Release */ = {
			isa = XCBuildConfiguration;
			buildSettings = {
				CODE_SIGN_STYLE = Automatic;
				DEVELOPMENT_TEAM = ZX72355299;
				OTHER_LDFLAGS = "-ObjC";
				PRODUCT_NAME = "$(TARGET_NAME)";
				SKIP_INSTALL = YES;
				SWIFT_VERSION = 5.0;
				TARGETED_DEVICE_FAMILY = "1,2";
			};
			name = Release;
		};
		06D3B0F12C70C6D70001B838 /* Debug */ = {
			isa = XCBuildConfiguration;
			buildSettings = {
				ASSETCATALOG_COMPILER_APPICON_NAME = AppIcon;
				ASSETCATALOG_COMPILER_GLOBAL_ACCENT_COLOR_NAME = AccentColor;
				CODE_SIGN_STYLE = Automatic;
				CURRENT_PROJECT_VERSION = 1;
				DEVELOPMENT_ASSET_PATHS = "\"GameCloneApp/Preview Content\"";
				DEVELOPMENT_TEAM = ZX72355299;
				ENABLE_PREVIEWS = YES;
				GENERATE_INFOPLIST_FILE = YES;
				INFOPLIST_KEY_UIApplicationSceneManifest_Generation = YES;
				INFOPLIST_KEY_UIApplicationSupportsIndirectInputEvents = YES;
				INFOPLIST_KEY_UILaunchScreen_Generation = YES;
				INFOPLIST_KEY_UISupportedInterfaceOrientations_iPad = "UIInterfaceOrientationPortrait UIInterfaceOrientationPortraitUpsideDown UIInterfaceOrientationLandscapeLeft UIInterfaceOrientationLandscapeRight";
				INFOPLIST_KEY_UISupportedInterfaceOrientations_iPhone = "UIInterfaceOrientationPortrait UIInterfaceOrientationLandscapeLeft UIInterfaceOrientationLandscapeRight";
				LD_RUNPATH_SEARCH_PATHS = (
					"$(inherited)",
					"@executable_path/Frameworks",
				);
				MARKETING_VERSION = 1.0;
				PRODUCT_BUNDLE_IDENTIFIER = JWMoon.GameCloneApp;
				PRODUCT_NAME = "$(TARGET_NAME)";
				SWIFT_EMIT_LOC_STRINGS = YES;
				SWIFT_VERSION = 5.0;
				TARGETED_DEVICE_FAMILY = "1,2";
			};
			name = Debug;
		};
		06D3B0F22C70C6D70001B838 /* Release */ = {
			isa = XCBuildConfiguration;
			buildSettings = {
				ASSETCATALOG_COMPILER_APPICON_NAME = AppIcon;
				ASSETCATALOG_COMPILER_GLOBAL_ACCENT_COLOR_NAME = AccentColor;
				CODE_SIGN_STYLE = Automatic;
				CURRENT_PROJECT_VERSION = 1;
				DEVELOPMENT_ASSET_PATHS = "\"GameCloneApp/Preview Content\"";
				DEVELOPMENT_TEAM = ZX72355299;
				ENABLE_PREVIEWS = YES;
				GENERATE_INFOPLIST_FILE = YES;
				INFOPLIST_KEY_UIApplicationSceneManifest_Generation = YES;
				INFOPLIST_KEY_UIApplicationSupportsIndirectInputEvents = YES;
				INFOPLIST_KEY_UILaunchScreen_Generation = YES;
				INFOPLIST_KEY_UISupportedInterfaceOrientations_iPad = "UIInterfaceOrientationPortrait UIInterfaceOrientationPortraitUpsideDown UIInterfaceOrientationLandscapeLeft UIInterfaceOrientationLandscapeRight";
				INFOPLIST_KEY_UISupportedInterfaceOrientations_iPhone = "UIInterfaceOrientationPortrait UIInterfaceOrientationLandscapeLeft UIInterfaceOrientationLandscapeRight";
				LD_RUNPATH_SEARCH_PATHS = (
					"$(inherited)",
					"@executable_path/Frameworks",
				);
				MARKETING_VERSION = 1.0;
				PRODUCT_BUNDLE_IDENTIFIER = JWMoon.GameCloneApp;
				PRODUCT_NAME = "$(TARGET_NAME)";
				SWIFT_EMIT_LOC_STRINGS = YES;
				SWIFT_VERSION = 5.0;
				TARGETED_DEVICE_FAMILY = "1,2";
			};
			name = Release;
		};
/* End XCBuildConfiguration section */

/* Begin XCConfigurationList section */
		0696772A2C70C4030014BC3C /* Build configuration list for PBXProject "GameCloneKit" */ = {
			isa = XCConfigurationList;
			buildConfigurations = (
				069677342C70C4030014BC3C /* Debug */,
				069677352C70C4030014BC3C /* Release */,
			);
			defaultConfigurationIsVisible = 0;
			defaultConfigurationName = Release;
		};
		069677362C70C4030014BC3C /* Build configuration list for PBXNativeTarget "GameCloneKit" */ = {
			isa = XCConfigurationList;
			buildConfigurations = (
				069677372C70C4030014BC3C /* Debug */,
				069677382C70C4030014BC3C /* Release */,
			);
			defaultConfigurationIsVisible = 0;
			defaultConfigurationName = Release;
		};
		06D3B0F02C70C6D70001B838 /* Build configuration list for PBXNativeTarget "GameCloneApp" */ = {
			isa = XCConfigurationList;
			buildConfigurations = (
				06D3B0F12C70C6D70001B838 /* Debug */,
				06D3B0F22C70C6D70001B838 /* Release */,
			);
			defaultConfigurationIsVisible = 0;
			defaultConfigurationName = Release;
		};
/* End XCConfigurationList section */

/* Begin XCSwiftPackageProductDependency section */
		06D3B0F42C70C94D0001B838 /* PuzzleKit */ = {
			isa = XCSwiftPackageProductDependency;
			productName = PuzzleKit;
		};
/* End XCSwiftPackageProductDependency section */
	};
	rootObject = 069677272C70C4030014BC3C /* Project object */;
}
